
Microsoft Visual Studio Solution File, Format Version 12.00
# Visual Studio 15
VisualStudioVersion = 15.0.26403.7
MinimumVisualStudioVersion = 10.0.40219.1
Project("{8BC9CEB8-8B4A-11D0-8D11-00A0C91BC942}") = "Project_yeji1", "Project_yeji\Project_yeji.vcxproj", "{C102ACF9-DDE6-4356-B024-A2E807F84A26}"
EndProject
Project("{8BC9CEB8-8B4A-11D0-8D11-00A0C91BC942}") = "Project_yeji2", "Project_yeji2\Project_yeji2.vcxproj", "{31308E71-6282-420F-8EDE-06BE6B0D5FE2}"
EndProject
Project("{8BC9CEB8-8B4A-11D0-8D11-00A0C91BC942}") = "Project_yeji3", "Project_yeji3\Project_yeji3.vcxproj", "{6BBFB4EC-67D9-448F-B64C-D4D2504E8D30}"
EndProject
Project("{8BC9CEB8-8B4A-11D0-8D11-00A0C91BC942}") = "Project_yeji4", "Project_yeji4\Project_yeji4.vcxproj", "{5B786519-D5D2-4B75-BDCA-14FD4F36EA82}"
EndProject
Global
	GlobalSection(SolutionConfigurationPlatforms) = preSolution
		Debug|x64 = Debug|x64
		Debug|x86 = Debug|x86
		Release|x64 = Release|x64
		Release|x86 = Release|x86
	EndGlobalSection
	GlobalSection(ProjectConfigurationPlatforms) = postSolution
		{C102ACF9-DDE6-4356-B024-A2E807F84A26}.Debug|x64.ActiveCfg = Debug|x64
		{C102ACF9-DDE6-4356-B024-A2E807F84A26}.Debug|x64.Build.0 = Debug|x64
		{C102ACF9-DDE6-4356-B024-A2E807F84A26}.Debug|x86.ActiveCfg = Debug|Win32
		{C102ACF9-DDE6-4356-B024-A2E807F84A26}.Debug|x86.Build.0 = Debug|Win32
		{C102ACF9-DDE6-4356-B024-A2E807F84A26}.Release|x64.ActiveCfg = Release|x64
		{C102ACF9-DDE6-4356-B024-A2E807F84A26}.Release|x64.Build.0 = Release|x64
		{C102ACF9-DDE6-4356-B024-A2E807F84A26}.Release|x86.ActiveCfg = Release|Win32
		{C102ACF9-DDE6-4356-B024-A2E807F84A26}.Release|x86.Build.0 = Release|Win32
		{31308E71-6282-420F-8EDE-06BE6B0D5FE2}.Debug|x64.ActiveCfg = Debug|x64
		{31308E71-6282-420F-8EDE-06BE6B0D5FE2}.Debug|x64.Build.0 = Debug|x64
		{31308E71-6282-420F-8EDE-06BE6B0D5FE2}.Debug|x86.ActiveCfg = Debug|Win32
		{31308E71-6282-420F-8EDE-06BE6B0D5FE2}.Debug|x86.Build.0 = Debug|Win32
		{31308E71-6282-420F-8EDE-06BE6B0D5FE2}.Release|x64.ActiveCfg = Release|x64
		{31308E71-6282-420F-8EDE-06BE6B0D5FE2}.Release|x64.Build.0 = Release|x64
		{31308E71-6282-420F-8EDE-06BE6B0D5FE2}.Release|x86.ActiveCfg = Release|Win32
		{31308E71-6282-420F-8EDE-06BE6B0D5FE2}.Release|x86.Build.0 = Release|Win32
		{6BBFB4EC-67D9-448F-B64C-D4D2504E8D30}.Debug|x64.ActiveCfg = Debug|x64
		{6BBFB4EC-67D9-448F-B64C-D4D2504E8D30}.Debug|x64.Build.0 = Debug|x64
		{6BBFB4EC-67D9-448F-B64C-D4D2504E8D30}.Debug|x86.ActiveCfg = Debug|Win32
		{6BBFB4EC-67D9-448F-B64C-D4D2504E8D30}.Debug|x86.Build.0 = Debug|Win32
		{6BBFB4EC-67D9-448F-B64C-D4D2504E8D30}.Release|x64.ActiveCfg = Release|x64
		{6BBFB4EC-67D9-448F-B64C-D4D2504E8D30}.Release|x64.Build.0 = Release|x64
		{6BBFB4EC-67D9-448F-B64C-D4D2504E8D30}.Release|x86.ActiveCfg = Release|Win32
		{6BBFB4EC-67D9-448F-B64C-D4D2504E8D30}.Release|x86.Build.0 = Release|Win32
		{5B786519-D5D2-4B75-BDCA-14FD4F36EA82}.Debug|x64.ActiveCfg = Debug|x64
		{5B786519-D5D2-4B75-BDCA-14FD4F36EA82}.Debug|x64.Build.0 = Debug|x64
		{5B786519-D5D2-4B75-BDCA-14FD4F36EA82}.Debug|x86.ActiveCfg = Debug|Win32
		{5B786519-D5D2-4B75-BDCA-14FD4F36EA82}.Debug|x86.Build.0 = Debug|Win32
		{5B786519-D5D2-4B75-BDCA-14FD4F36EA82}.Release|x64.ActiveCfg = Release|x64
		{5B786519-D5D2-4B75-BDCA-14FD4F36EA82}.Release|x64.Build.0 = Release|x64
		{5B786519-D5D2-4B75-BDCA-14FD4F36EA82}.Release|x86.ActiveCfg = Release|Win32
		{5B786519-D5D2-4B75-BDCA-14FD4F36EA82}.Release|x86.Build.0 = Release|Win32
	EndGlobalSection
	GlobalSection(SolutionProperties) = preSolution
		HideSolutionNode = FALSE
	EndGlobalSection
EndGlobal
